
Microsoft Visual Studio Solution File, Format Version 12.00
# Visual Studio Version 17
VisualStudioVersion = 17.11.35222.181
MinimumVisualStudioVersion = 10.0.40219.1
Project("{FAE04EC0-301F-11D3-BF4B-00C04F79EFBC}") = "ToDoList", "ToDoList\ToDoList.csproj", "{69831244-DF79-4C91-AB15-12791FBC900D}"
EndProject
Global
	GlobalSection(SolutionConfigurationPlatforms) = preSolution
		Debug|Any CPU = Debug|Any CPU
		Release|Any CPU = Release|Any CPU
	EndGlobalSection
	GlobalSection(ProjectConfigurationPlatforms) = postSolution
		{69831244-DF79-4C91-AB15-12791FBC900D}.Debug|Any CPU.ActiveCfg = Debug|Any CPU
		{69831244-DF79-4C91-AB15-12791FBC900D}.Debug|Any CPU.Build.0 = Debug|Any CPU
		{69831244-DF79-4C91-AB15-12791FBC900D}.Release|Any CPU.ActiveCfg = Release|Any CPU
		{69831244-DF79-4C91-AB15-12791FBC900D}.Release|Any CPU.Build.0 = Release|Any CPU
	EndGlobalSection
	GlobalSection(SolutionProperties) = preSolution
		HideSolutionNode = FALSE
	EndGlobalSection
	GlobalSection(ExtensibilityGlobals) = postSolution
		SolutionGuid = {6F6FBC73-55C9-4B99-B767-384F31220065}
	EndGlobalSection
EndGlobal
